// !$*UTF8*$!
{
	archiveVersion = 1;
	classes = {
	};
	objectVersion = 55;
	objects = {

/* Begin PBXBuildFile section */
		481F33F7292EA28E00281C64 /* AppDelegate.swift in Sources */ = {isa = PBXBuildFile; fileRef = 481F33F6292EA28E00281C64 /* AppDelegate.swift */; };
		481F33F9292EA28E00281C64 /* SceneDelegate.swift in Sources */ = {isa = PBXBuildFile; fileRef = 481F33F8292EA28E00281C64 /* SceneDelegate.swift */; };
		481F3400292EA29100281C64 /* Assets.xcassets in Resources */ = {isa = PBXBuildFile; fileRef = 481F33FF292EA29100281C64 /* Assets.xcassets */; };
		481F3403292EA29100281C64 /* LaunchScreen.storyboard in Resources */ = {isa = PBXBuildFile; fileRef = 481F3401292EA29100281C64 /* LaunchScreen.storyboard */; };
		481F3411292EABC100281C64 /* HomeScreen.swift in Sources */ = {isa = PBXBuildFile; fileRef = 481F3410292EABC100281C64 /* HomeScreen.swift */; };
		481F3413292EAC2D00281C64 /* NetworkManager.swift in Sources */ = {isa = PBXBuildFile; fileRef = 481F3412292EAC2D00281C64 /* NetworkManager.swift */; };
		48640DF62A7BE43000685E22 /* UIHelper.swift in Sources */ = {isa = PBXBuildFile; fileRef = 48640DF52A7BE43000685E22 /* UIHelper.swift */; };
		48640DF82A7BE4F500685E22 /* CGFloatExtension.swift in Sources */ = {isa = PBXBuildFile; fileRef = 48640DF72A7BE4F500685E22 /* CGFloatExtension.swift */; };
		48640DFB2A7BE69A00685E22 /* MovieCell.swift in Sources */ = {isa = PBXBuildFile; fileRef = 48640DFA2A7BE69A00685E22 /* MovieCell.swift */; };
		48BC4EAB292F795B00026F23 /* Movie.swift in Sources */ = {isa = PBXBuildFile; fileRef = 48BC4EAA292F795B00026F23 /* Movie.swift */; };
		48BC4EAD292F897400026F23 /* MovieService.swift in Sources */ = {isa = PBXBuildFile; fileRef = 48BC4EAC292F897400026F23 /* MovieService.swift */; };
		48BC4EAF292F8EF400026F23 /* APIURLs.swift in Sources */ = {isa = PBXBuildFile; fileRef = 48BC4EAE292F8EF400026F23 /* APIURLs.swift */; };
		48BC4EB1292F900100026F23 /* HomeViewModel.swift in Sources */ = {isa = PBXBuildFile; fileRef = 48BC4EB0292F900100026F23 /* HomeViewModel.swift */; };
		48BC4EB4292FBCA600026F23 /* UIViewExtension.swift in Sources */ = {isa = PBXBuildFile; fileRef = 48BC4EB3292FBCA600026F23 /* UIViewExtension.swift */; };
/* End PBXBuildFile section */

/* Begin PBXFileReference section */
		481F33F3292EA28E00281C64 /* Programmatically-MVVM-MovieApp.app */ = {isa = PBXFileReference; explicitFileType = wrapper.application; includeInIndex = 0; path = "Programmatically-MVVM-MovieApp.app"; sourceTree = BUILT_PRODUCTS_DIR; };
		481F33F6292EA28E00281C64 /* AppDelegate.swift */ = {isa = PBXFileReference; lastKnownFileType = sourcecode.swift; path = AppDelegate.swift; sourceTree = "<group>"; };
		481F33F8292EA28E00281C64 /* SceneDelegate.swift */ = {isa = PBXFileReference; lastKnownFileType = sourcecode.swift; path = SceneDelegate.swift; sourceTree = "<group>"; };
		481F33FF292EA29100281C64 /* Assets.xcassets */ = {isa = PBXFileReference; lastKnownFileType = folder.assetcatalog; path = Assets.xcassets; sourceTree = "<group>"; };
		481F3402292EA29100281C64 /* Base */ = {isa = PBXFileReference; lastKnownFileType = file.storyboard; name = Base; path = Base.lproj/LaunchScreen.storyboard; sourceTree = "<group>"; };
		481F3404292EA29100281C64 /* Info.plist */ = {isa = PBXFileReference; lastKnownFileType = text.plist.xml; path = Info.plist; sourceTree = "<group>"; };
		481F3410292EABC100281C64 /* HomeScreen.swift */ = {isa = PBXFileReference; lastKnownFileType = sourcecode.swift; path = HomeScreen.swift; sourceTree = "<group>"; };
		481F3412292EAC2D00281C64 /* NetworkManager.swift */ = {isa = PBXFileReference; lastKnownFileType = sourcecode.swift; path = NetworkManager.swift; sourceTree = "<group>"; };
		48640DF52A7BE43000685E22 /* UIHelper.swift */ = {isa = PBXFileReference; lastKnownFileType = sourcecode.swift; path = UIHelper.swift; sourceTree = "<group>"; };
		48640DF72A7BE4F500685E22 /* CGFloatExtension.swift */ = {isa = PBXFileReference; lastKnownFileType = sourcecode.swift; path = CGFloatExtension.swift; sourceTree = "<group>"; };
		48640DFA2A7BE69A00685E22 /* MovieCell.swift */ = {isa = PBXFileReference; lastKnownFileType = sourcecode.swift; path = MovieCell.swift; sourceTree = "<group>"; };
		48BC4EAA292F795B00026F23 /* Movie.swift */ = {isa = PBXFileReference; lastKnownFileType = sourcecode.swift; path = Movie.swift; sourceTree = "<group>"; };
		48BC4EAC292F897400026F23 /* MovieService.swift */ = {isa = PBXFileReference; lastKnownFileType = sourcecode.swift; path = MovieService.swift; sourceTree = "<group>"; };
		48BC4EAE292F8EF400026F23 /* APIURLs.swift */ = {isa = PBXFileReference; lastKnownFileType = sourcecode.swift; path = APIURLs.swift; sourceTree = "<group>"; };
		48BC4EB0292F900100026F23 /* HomeViewModel.swift */ = {isa = PBXFileReference; lastKnownFileType = sourcecode.swift; path = HomeViewModel.swift; sourceTree = "<group>"; };
		48BC4EB3292FBCA600026F23 /* UIViewExtension.swift */ = {isa = PBXFileReference; lastKnownFileType = sourcecode.swift; path = UIViewExtension.swift; sourceTree = "<group>"; };
/* End PBXFileReference section */

/* Begin PBXFrameworksBuildPhase section */
		481F33F0292EA28E00281C64 /* Frameworks */ = {
			isa = PBXFrameworksBuildPhase;
			buildActionMask = 2147483647;
			files = (
			);
			runOnlyForDeploymentPostprocessing = 0;
		};
/* End PBXFrameworksBuildPhase section */

/* Begin PBXGroup section */
		481F33EA292EA28E00281C64 = {
			isa = PBXGroup;
			children = (
				481F33F5292EA28E00281C64 /* Programmatically-MVVM-MovieApp */,
				481F33F4292EA28E00281C64 /* Products */,
			);
			sourceTree = "<group>";
		};
		481F33F4292EA28E00281C64 /* Products */ = {
			isa = PBXGroup;
			children = (
				481F33F3292EA28E00281C64 /* Programmatically-MVVM-MovieApp.app */,
			);
			name = Products;
			sourceTree = "<group>";
		};
		481F33F5292EA28E00281C64 /* Programmatically-MVVM-MovieApp */ = {
			isa = PBXGroup;
			children = (
				48BC4EB2292FBC6F00026F23 /* Extensions */,
				481F340D292EAB0100281C64 /* Core */,
				481F340C292EAAFA00281C64 /* Models */,
				481F340B292EAADA00281C64 /* Services */,
				481F340A292EAA6E00281C64 /* Utilities */,
				481F33F6292EA28E00281C64 /* AppDelegate.swift */,
				481F33F8292EA28E00281C64 /* SceneDelegate.swift */,
				481F33FF292EA29100281C64 /* Assets.xcassets */,
				481F3401292EA29100281C64 /* LaunchScreen.storyboard */,
				481F3404292EA29100281C64 /* Info.plist */,
			);
			path = "Programmatically-MVVM-MovieApp";
			sourceTree = "<group>";
		};
		481F340A292EAA6E00281C64 /* Utilities */ = {
			isa = PBXGroup;
			children = (
				481F3412292EAC2D00281C64 /* NetworkManager.swift */,
				48BC4EAE292F8EF400026F23 /* APIURLs.swift */,
				48640DF52A7BE43000685E22 /* UIHelper.swift */,
			);
			path = Utilities;
			sourceTree = "<group>";
		};
		481F340B292EAADA00281C64 /* Services */ = {
			isa = PBXGroup;
			children = (
				48BC4EAC292F897400026F23 /* MovieService.swift */,
			);
			path = Services;
			sourceTree = "<group>";
		};
		481F340C292EAAFA00281C64 /* Models */ = {
			isa = PBXGroup;
			children = (
				48BC4EAA292F795B00026F23 /* Movie.swift */,
			);
			path = Models;
			sourceTree = "<group>";
		};
		481F340D292EAB0100281C64 /* Core */ = {
			isa = PBXGroup;
			children = (
				481F340F292EAB7900281C64 /* HomeScreen */,
			);
			path = Core;
			sourceTree = "<group>";
		};
		481F340F292EAB7900281C64 /* HomeScreen */ = {
			isa = PBXGroup;
			children = (
				481F3410292EABC100281C64 /* HomeScreen.swift */,
				48BC4EB0292F900100026F23 /* HomeViewModel.swift */,
				48640DF92A7BE68600685E22 /* Components */,
			);
			path = HomeScreen;
			sourceTree = "<group>";
		};
		48640DF92A7BE68600685E22 /* Components */ = {
			isa = PBXGroup;
			children = (
				48640DFA2A7BE69A00685E22 /* MovieCell.swift */,
			);
			path = Components;
			sourceTree = "<group>";
		};
		48BC4EB2292FBC6F00026F23 /* Extensions */ = {
			isa = PBXGroup;
			children = (
				48BC4EB3292FBCA600026F23 /* UIViewExtension.swift */,
				48640DF72A7BE4F500685E22 /* CGFloatExtension.swift */,
			);
			path = Extensions;
			sourceTree = "<group>";
		};
/* End PBXGroup section */

/* Begin PBXNativeTarget section */
		481F33F2292EA28E00281C64 /* Programmatically-MVVM-MovieApp */ = {
			isa = PBXNativeTarget;
			buildConfigurationList = 481F3407292EA29100281C64 /* Build configuration list for PBXNativeTarget "Programmatically-MVVM-MovieApp" */;
			buildPhases = (
				481F33EF292EA28E00281C64 /* Sources */,
				481F33F0292EA28E00281C64 /* Frameworks */,
				481F33F1292EA28E00281C64 /* Resources */,
			);
			buildRules = (
			);
			dependencies = (
			);
			name = "Programmatically-MVVM-MovieApp";
			productName = "Programmatically-MVVM-MovieApp";
			productReference = 481F33F3292EA28E00281C64 /* Programmatically-MVVM-MovieApp.app */;
			productType = "com.apple.product-type.application";
		};
/* End PBXNativeTarget section */

/* Begin PBXProject section */
		481F33EB292EA28E00281C64 /* Project object */ = {
			isa = PBXProject;
			attributes = {
				BuildIndependentTargetsInParallel = 1;
				LastSwiftUpdateCheck = 1320;
				LastUpgradeCheck = 1320;
				TargetAttributes = {
					481F33F2292EA28E00281C64 = {
						CreatedOnToolsVersion = 13.2.1;
					};
				};
			};
			buildConfigurationList = 481F33EE292EA28E00281C64 /* Build configuration list for PBXProject "Programmatically-MVVM-MovieApp" */;
			compatibilityVersion = "Xcode 13.0";
			developmentRegion = en;
			hasScannedForEncodings = 0;
			knownRegions = (
				en,
				Base,
			);
			mainGroup = 481F33EA292EA28E00281C64;
			productRefGroup = 481F33F4292EA28E00281C64 /* Products */;
			projectDirPath = "";
			projectRoot = "";
			targets = (
				481F33F2292EA28E00281C64 /* Programmatically-MVVM-MovieApp */,
			);
		};
/* End PBXProject section */

/* Begin PBXResourcesBuildPhase section */
		481F33F1292EA28E00281C64 /* Resources */ = {
			isa = PBXResourcesBuildPhase;
			buildActionMask = 2147483647;
			files = (
				481F3403292EA29100281C64 /* LaunchScreen.storyboard in Resources */,
				481F3400292EA29100281C64 /* Assets.xcassets in Resources */,
			);
			runOnlyForDeploymentPostprocessing = 0;
		};
/* End PBXResourcesBuildPhase section */

/* Begin PBXSourcesBuildPhase section */
		481F33EF292EA28E00281C64 /* Sources */ = {
			isa = PBXSourcesBuildPhase;
			buildActionMask = 2147483647;
			files = (
				48BC4EAD292F897400026F23 /* MovieService.swift in Sources */,
				481F3413292EAC2D00281C64 /* NetworkManager.swift in Sources */,
				48640DFB2A7BE69A00685E22 /* MovieCell.swift in Sources */,
				481F33F7292EA28E00281C64 /* AppDelegate.swift in Sources */,
				48640DF62A7BE43000685E22 /* UIHelper.swift in Sources */,
				48BC4EB1292F900100026F23 /* HomeViewModel.swift in Sources */,
				481F33F9292EA28E00281C64 /* SceneDelegate.swift in Sources */,
				48BC4EAF292F8EF400026F23 /* APIURLs.swift in Sources */,
				48BC4EB4292FBCA600026F23 /* UIViewExtension.swift in Sources */,
				481F3411292EABC100281C64 /* HomeScreen.swift in Sources */,
				48BC4EAB292F795B00026F23 /* Movie.swift in Sources */,
				48640DF82A7BE4F500685E22 /* CGFloatExtension.swift in Sources */,
			);
			runOnlyForDeploymentPostprocessing = 0;
		};
/* End PBXSourcesBuildPhase section */

/* Begin PBXVariantGroup section */
		481F3401292EA29100281C64 /* LaunchScreen.storyboard */ = {
			isa = PBXVariantGroup;
			children = (
				481F3402292EA29100281C64 /* Base */,
			);
			name = LaunchScreen.storyboard;
			sourceTree = "<group>";
		};
/* End PBXVariantGroup section */

/* Begin XCBuildConfiguration section */
		481F3405292EA29100281C64 /* Debug */ = {
			isa = XCBuildConfiguration;
			buildSettings = {
				ALWAYS_SEARCH_USER_PATHS = NO;
				CLANG_ANALYZER_NONNULL = YES;
				CLANG_ANALYZER_NUMBER_OBJECT_CONVERSION = YES_AGGRESSIVE;
				CLANG_CXX_LANGUAGE_STANDARD = "gnu++17";
				CLANG_CXX_LIBRARY = "libc++";
				CLANG_ENABLE_MODULES = YES;
				CLANG_ENABLE_OBJC_ARC = YES;
				CLANG_ENABLE_OBJC_WEAK = YES;
				CLANG_WARN_BLOCK_CAPTURE_AUTORELEASING = YES;
				CLANG_WARN_BOOL_CONVERSION = YES;
				CLANG_WARN_COMMA = YES;
				CLANG_WARN_CONSTANT_CONVERSION = YES;
				CLANG_WARN_DEPRECATED_OBJC_IMPLEMENTATIONS = YES;
				CLANG_WARN_DIRECT_OBJC_ISA_USAGE = YES_ERROR;
				CLANG_WARN_DOCUMENTATION_COMMENTS = YES;
				CLANG_WARN_EMPTY_BODY = YES;
				CLANG_WARN_ENUM_CONVERSION = YES;
				CLANG_WARN_INFINITE_RECURSION = YES;
				CLANG_WARN_INT_CONVERSION = YES;
				CLANG_WARN_NON_LITERAL_NULL_CONVERSION = YES;
				CLANG_WARN_OBJC_IMPLICIT_RETAIN_SELF = YES;
				CLANG_WARN_OBJC_LITERAL_CONVERSION = YES;
				CLANG_WARN_OBJC_ROOT_CLASS = YES_ERROR;
				CLANG_WARN_QUOTED_INCLUDE_IN_FRAMEWORK_HEADER = YES;
				CLANG_WARN_RANGE_LOOP_ANALYSIS = YES;
				CLANG_WARN_STRICT_PROTOTYPES = YES;
				CLANG_WARN_SUSPICIOUS_MOVE = YES;
				CLANG_WARN_UNGUARDED_AVAILABILITY = YES_AGGRESSIVE;
				CLANG_WARN_UNREACHABLE_CODE = YES;
				CLANG_WARN__DUPLICATE_METHOD_MATCH = YES;
				COPY_PHASE_STRIP = NO;
				DEBUG_INFORMATION_FORMAT = dwarf;
				ENABLE_STRICT_OBJC_MSGSEND = YES;
				ENABLE_TESTABILITY = YES;
				GCC_C_LANGUAGE_STANDARD = gnu11;
				GCC_DYNAMIC_NO_PIC = NO;
				GCC_NO_COMMON_BLOCKS = YES;
				GCC_OPTIMIZATION_LEVEL = 0;
				GCC_PREPROCESSOR_DEFINITIONS = (
					"DEBUG=1",
					"$(inherited)",
				);
				GCC_WARN_64_TO_32_BIT_CONVERSION = YES;
				GCC_WARN_ABOUT_RETURN_TYPE = YES_ERROR;
				GCC_WARN_UNDECLARED_SELECTOR = YES;
				GCC_WARN_UNINITIALIZED_AUTOS = YES_AGGRESSIVE;
				GCC_WARN_UNUSED_FUNCTION = YES;
				GCC_WARN_UNUSED_VARIABLE = YES;
				IPHONEOS_DEPLOYMENT_TARGET = 15.2;
				MTL_ENABLE_DEBUG_INFO = INCLUDE_SOURCE;
				MTL_FAST_MATH = YES;
				ONLY_ACTIVE_ARCH = YES;
				SDKROOT = iphoneos;
				SWIFT_ACTIVE_COMPILATION_CONDITIONS = DEBUG;
				SWIFT_OPTIMIZATION_LEVEL = "-Onone";
			};
			name = Debug;
		};
		481F3406292EA29100281C64 /* Release */ = {
			isa = XCBuildConfiguration;
			buildSettings = {
				ALWAYS_SEARCH_USER_PATHS = NO;
				CLANG_ANALYZER_NONNULL = YES;
				CLANG_ANALYZER_NUMBER_OBJECT_CONVERSION = YES_AGGRESSIVE;
				CLANG_CXX_LANGUAGE_STANDARD = "gnu++17";
				CLANG_CXX_LIBRARY = "libc++";
				CLANG_ENABLE_MODULES = YES;
				CLANG_ENABLE_OBJC_ARC = YES;
				CLANG_ENABLE_OBJC_WEAK = YES;
				CLANG_WARN_BLOCK_CAPTURE_AUTORELEASING = YES;
				CLANG_WARN_BOOL_CONVERSION = YES;
				CLANG_WARN_COMMA = YES;
				CLANG_WARN_CONSTANT_CONVERSION = YES;
				CLANG_WARN_DEPRECATED_OBJC_IMPLEMENTATIONS = YES;
				CLANG_WARN_DIRECT_OBJC_ISA_USAGE = YES_ERROR;
				CLANG_WARN_DOCUMENTATION_COMMENTS = YES;
				CLANG_WARN_EMPTY_BODY = YES;
				CLANG_WARN_ENUM_CONVERSION = YES;
				CLANG_WARN_INFINITE_RECURSION = YES;
				CLANG_WARN_INT_CONVERSION = YES;
				CLANG_WARN_NON_LITERAL_NULL_CONVERSION = YES;
				CLANG_WARN_OBJC_IMPLICIT_RETAIN_SELF = YES;
				CLANG_WARN_OBJC_LITERAL_CONVERSION = YES;
				CLANG_WARN_OBJC_ROOT_CLASS = YES_ERROR;
				CLANG_WARN_QUOTED_INCLUDE_IN_FRAMEWORK_HEADER = YES;
				CLANG_WARN_RANGE_LOOP_ANALYSIS = YES;
				CLANG_WARN_STRICT_PROTOTYPES = YES;
				CLANG_WARN_SUSPICIOUS_MOVE = YES;
				CLANG_WARN_UNGUARDED_AVAILABILITY = YES_AGGRESSIVE;
				CLANG_WARN_UNREACHABLE_CODE = YES;
				CLANG_WARN__DUPLICATE_METHOD_MATCH = YES;
				COPY_PHASE_STRIP = NO;
				DEBUG_INFORMATION_FORMAT = "dwarf-with-dsym";
				ENABLE_NS_ASSERTIONS = NO;
				ENABLE_STRICT_OBJC_MSGSEND = YES;
				GCC_C_LANGUAGE_STANDARD = gnu11;
				GCC_NO_COMMON_BLOCKS = YES;
				GCC_WARN_64_TO_32_BIT_CONVERSION = YES;
				GCC_WARN_ABOUT_RETURN_TYPE = YES_ERROR;
				GCC_WARN_UNDECLARED_SELECTOR = YES;
				GCC_WARN_UNINITIALIZED_AUTOS = YES_AGGRESSIVE;
				GCC_WARN_UNUSED_FUNCTION = YES;
				GCC_WARN_UNUSED_VARIABLE = YES;
				IPHONEOS_DEPLOYMENT_TARGET = 15.2;
				MTL_ENABLE_DEBUG_INFO = NO;
				MTL_FAST_MATH = YES;
				SDKROOT = iphoneos;
				SWIFT_COMPILATION_MODE = wholemodule;
				SWIFT_OPTIMIZATION_LEVEL = "-O";
				VALIDATE_PRODUCT = YES;
			};
			name = Release;
		};
		481F3408292EA29100281C64 /* Debug */ = {
			isa = XCBuildConfiguration;
			buildSettings = {
				ASSETCATALOG_COMPILER_APPICON_NAME = AppIcon;
				ASSETCATALOG_COMPILER_GLOBAL_ACCENT_COLOR_NAME = AccentColor;
				CODE_SIGN_STYLE = Automatic;
				CURRENT_PROJECT_VERSION = 1;
				DEVELOPMENT_TEAM = FPYTGW2S6P;
				GENERATE_INFOPLIST_FILE = YES;
				INFOPLIST_FILE = "Programmatically-MVVM-MovieApp/Info.plist";
				INFOPLIST_KEY_UIApplicationSupportsIndirectInputEvents = YES;
				INFOPLIST_KEY_UILaunchStoryboardName = LaunchScreen;
				INFOPLIST_KEY_UISupportedInterfaceOrientations_iPad = "UIInterfaceOrientationPortrait UIInterfaceOrientationPortraitUpsideDown UIInterfaceOrientationLandscapeLeft UIInterfaceOrientationLandscapeRight";
				INFOPLIST_KEY_UISupportedInterfaceOrientations_iPhone = "UIInterfaceOrientationPortrait UIInterfaceOrientationLandscapeLeft UIInterfaceOrientationLandscapeRight";
				LD_RUNPATH_SEARCH_PATHS = (
					"$(inherited)",
					"@executable_path/Frameworks",
				);
				MARKETING_VERSION = 1.0;
				PRODUCT_BUNDLE_IDENTIFIER = "ahmetozkanio.Programmatically-MVVM-MovieApp";
				PRODUCT_NAME = "$(TARGET_NAME)";
				SWIFT_EMIT_LOC_STRINGS = YES;
				SWIFT_VERSION = 5.0;
				TARGETED_DEVICE_FAMILY = "1,2";
			};
			name = Debug;
		};
		481F3409292EA29100281C64 /* Release */ = {
			isa = XCBuildConfiguration;
			buildSettings = {
				ASSETCATALOG_COMPILER_APPICON_NAME = AppIcon;
				ASSETCATALOG_COMPILER_GLOBAL_ACCENT_COLOR_NAME = AccentColor;
				CODE_SIGN_STYLE = Automatic;
				CURRENT_PROJECT_VERSION = 1;
				DEVELOPMENT_TEAM = FPYTGW2S6P;
				GENERATE_INFOPLIST_FILE = YES;
				INFOPLIST_FILE = "Programmatically-MVVM-MovieApp/Info.plist";
				INFOPLIST_KEY_UIApplicationSupportsIndirectInputEvents = YES;
				INFOPLIST_KEY_UILaunchStoryboardName = LaunchScreen;
				INFOPLIST_KEY_UISupportedInterfaceOrientations_iPad = "UIInterfaceOrientationPortrait UIInterfaceOrientationPortraitUpsideDown UIInterfaceOrientationLandscapeLeft UIInterfaceOrientationLandscapeRight";
				INFOPLIST_KEY_UISupportedInterfaceOrientations_iPhone = "UIInterfaceOrientationPortrait UIInterfaceOrientationLandscapeLeft UIInterfaceOrientationLandscapeRight";
				LD_RUNPATH_SEARCH_PATHS = (
					"$(inherited)",
					"@executable_path/Frameworks",
				);
				MARKETING_VERSION = 1.0;
				PRODUCT_BUNDLE_IDENTIFIER = "ahmetozkanio.Programmatically-MVVM-MovieApp";
				PRODUCT_NAME = "$(TARGET_NAME)";
				SWIFT_EMIT_LOC_STRINGS = YES;
				SWIFT_VERSION = 5.0;
				TARGETED_DEVICE_FAMILY = "1,2";
			};
			name = Release;
		};
/* End XCBuildConfiguration section */

/* Begin XCConfigurationList section */
		481F33EE292EA28E00281C64 /* Build configuration list for PBXProject "Programmatically-MVVM-MovieApp" */ = {
			isa = XCConfigurationList;
			buildConfigurations = (
				481F3405292EA29100281C64 /* Debug */,
				481F3406292EA29100281C64 /* Release */,
			);
			defaultConfigurationIsVisible = 0;
			defaultConfigurationName = Release;
		};
		481F3407292EA29100281C64 /* Build configuration list for PBXNativeTarget "Programmatically-MVVM-MovieApp" */ = {
			isa = XCConfigurationList;
			buildConfigurations = (
				481F3408292EA29100281C64 /* Debug */,
				481F3409292EA29100281C64 /* Release */,
			);
			defaultConfigurationIsVisible = 0;
			defaultConfigurationName = Release;
		};
/* End XCConfigurationList section */
	};
	rootObject = 481F33EB292EA28E00281C64 /* Project object */;
}
